
Microsoft Visual Studio Solution File, Format Version 12.00
# Visual Studio Version 17
VisualStudioVersion = 17.10.35122.118
MinimumVisualStudioVersion = 10.0.40219.1
Project("{FAE04EC0-301F-11D3-BF4B-00C04F79EFBC}") = "51_NguyenNhatMinhQuan_NguyHaoNhien", "51_NguyenNhatMinhQuan_NguyHaoNhien\51_NguyenNhatMinhQuan_NguyHaoNhien.csproj", "{AB1DEE89-253E-446B-89E5-2CDD294081A4}"
EndProject
Global
	GlobalSection(SolutionConfigurationPlatforms) = preSolution
		Debug|Any CPU = Debug|Any CPU
		Release|Any CPU = Release|Any CPU
	EndGlobalSection
	GlobalSection(ProjectConfigurationPlatforms) = postSolution
		{AB1DEE89-253E-446B-89E5-2CDD294081A4}.Debug|Any CPU.ActiveCfg = Debug|Any CPU
		{AB1DEE89-253E-446B-89E5-2CDD294081A4}.Debug|Any CPU.Build.0 = Debug|Any CPU
		{AB1DEE89-253E-446B-89E5-2CDD294081A4}.Release|Any CPU.ActiveCfg = Release|Any CPU
		{AB1DEE89-253E-446B-89E5-2CDD294081A4}.Release|Any CPU.Build.0 = Release|Any CPU
	EndGlobalSection
	GlobalSection(SolutionProperties) = preSolution
		HideSolutionNode = FALSE
	EndGlobalSection
	GlobalSection(ExtensibilityGlobals) = postSolution
		SolutionGuid = {EAB06A20-B53B-48EF-9B07-FBED5F8E81E3}
	EndGlobalSection
EndGlobal
