
Microsoft Visual Studio Solution File, Format Version 12.00
# Visual Studio Version 17
VisualStudioVersion = 17.14.36414.22 d17.14
MinimumVisualStudioVersion = 10.0.40219.1
Project("{FAE04EC0-301F-11D3-BF4B-00C04F79EFBC}") = "phan_so", "phan_so\phan_so.csproj", "{31AA7F99-A15C-4374-B38D-D86D0A7562AA}"
EndProject
Global
	GlobalSection(SolutionConfigurationPlatforms) = preSolution
		Debug|Any CPU = Debug|Any CPU
		Release|Any CPU = Release|Any CPU
	EndGlobalSection
	GlobalSection(ProjectConfigurationPlatforms) = postSolution
		{31AA7F99-A15C-4374-B38D-D86D0A7562AA}.Debug|Any CPU.ActiveCfg = Debug|Any CPU
		{31AA7F99-A15C-4374-B38D-D86D0A7562AA}.Debug|Any CPU.Build.0 = Debug|Any CPU
		{31AA7F99-A15C-4374-B38D-D86D0A7562AA}.Release|Any CPU.ActiveCfg = Release|Any CPU
		{31AA7F99-A15C-4374-B38D-D86D0A7562AA}.Release|Any CPU.Build.0 = Release|Any CPU
	EndGlobalSection
	GlobalSection(SolutionProperties) = preSolution
		HideSolutionNode = FALSE
	EndGlobalSection
	GlobalSection(ExtensibilityGlobals) = postSolution
		SolutionGuid = {F2B57403-9924-438A-998D-A87D811EB19B}
	EndGlobalSection
EndGlobal
